
Microsoft Visual Studio Solution File, Format Version 12.00
Project("{FAE04EC0-301F-11D3-BF4B-00C04F79EFBC}") = "ASPCoreAPIResponseCaching", "ASPCoreAPIResponseCaching\ASPCoreAPIResponseCaching.csproj", "{6C44793B-418F-4F33-9820-149B0BF1B5B5}"
EndProject
Global
	GlobalSection(SolutionConfigurationPlatforms) = preSolution
		Debug|Any CPU = Debug|Any CPU
		Release|Any CPU = Release|Any CPU
	EndGlobalSection
	GlobalSection(ProjectConfigurationPlatforms) = postSolution
		{6C44793B-418F-4F33-9820-149B0BF1B5B5}.Debug|Any CPU.ActiveCfg = Debug|Any CPU
		{6C44793B-418F-4F33-9820-149B0BF1B5B5}.Debug|Any CPU.Build.0 = Debug|Any CPU
		{6C44793B-418F-4F33-9820-149B0BF1B5B5}.Release|Any CPU.ActiveCfg = Release|Any CPU
		{6C44793B-418F-4F33-9820-149B0BF1B5B5}.Release|Any CPU.Build.0 = Release|Any CPU
	EndGlobalSection
EndGlobal
